# This file is automatically @generated by Cargo.
# It is not intended for manual editing.
version = 4

[[package]]
name = "aho-corasick"
version = "1.1.3"
source = "registry+https://github.com/rust-lang/crates.io-index"
checksum = "8e60d3430d3a69478ad0993f19238d2df97c507009a52b3c10addcd7f6bcb916"
dependencies = [
 "memchr",
]

[[package]]
name = "android_log-sys"
version = "0.3.2"
source = "registry+https://github.com/rust-lang/crates.io-index"
checksum = "84521a3cf562bc62942e294181d9eef17eb38ceb8c68677bc49f144e4c3d4f8d"

[[package]]
name = "android_logger"
version = "0.14.1"
source = "registry+https://github.com/rust-lang/crates.io-index"
checksum = "05b07e8e73d720a1f2e4b6014766e6039fd2e96a4fa44e2a78d0e1fa2ff49826"
dependencies = [
 "android_log-sys",
 "env_filter",
 "log",
]

[[package]]
name = "env_filter"
version = "0.1.3"
source = "registry+https://github.com/rust-lang/crates.io-index"
checksum = "186e05a59d4c50738528153b83b0b0194d3a29507dfec16eccd4b342903397d0"
dependencies = [
 "log",
 "regex",
]

[[package]]
name = "log"
version = "0.4.28"
source = "registry+https://github.com/rust-lang/crates.io-index"
checksum = "34080505efa8e45a4b816c349525ebe327ceaa8559756f0356cba97ef3bf7432"

[[package]]
name = "memchr"
version = "2.7.6"
source = "registry+https://github.com/rust-lang/crates.io-index"
checksum = "f52b00d39961fc5b2736ea853c9cc86238e165017a493d1d5c8eac6bdc4cc273"

[[package]]
name = "regex"
version = "1.12.1"
source = "registry+https://github.com/rust-lang/crates.io-index"
checksum = "4a52d8d02cacdb176ef4678de6c052efb4b3da14b78e4db683a4252762be5433"
dependencies = [
 "aho-corasick",
 "memchr",
 "regex-automata",
 "regex-syntax",
]

[[package]]
name = "regex-automata"
version = "0.4.12"
source = "registry+https://github.com/rust-lang/crates.io-index"
checksum = "722166aa0d7438abbaa4d5cc2c649dac844e8c56d82fb3d33e9c34b5cd268fc6"
dependencies = [
 "aho-corasick",
 "memchr",
 "regex-syntax",
]

[[package]]
name = "regex-syntax"
version = "0.8.7"
source = "registry+https://github.com/rust-lang/crates.io-index"
checksum = "c3160422bbd54dd5ecfdca71e5fd59b7b8fe2b1697ab2baf64f6d05dcc66d298"

[[package]]
name = "webosd"
version = "0.1.0"
dependencies = [
 "android_logger",
 "log",
]
